Microsoft Visual Studio Solution File, Format Version 12.00
# Visual Studio Version 17
VisualStudioVersion = 17.3.32929.385
MinimumVisualStudioVersion = 10.0.40219.1
Project("{FAE04EC0-301F-11D3-BF4B-00C04F79EFBC}") = "FPVDroneModClient", "FPVDroneModClient\FPVDroneModClient.csproj", "{AF212E1C-ED50-4BAC-8C94-757D3D2DB36D}"
EndProject
Project("{FAE04EC0-301F-11D3-BF4B-00C04F79EFBC}") = "FPVDroneModServer", "FPVDroneModServer\FPVDroneModServer.csproj", "{E9F5C8FF-A38B-4E17-8215-EAA89F5E260E}"
EndProject
Global
	GlobalSection(ProjectConfigurationPlatforms) = postSolution
		{AF212E1C-ED50-4BAC-8C94-757D3D2DB36D}.Debug|Any CPU.ActiveCfg = Debug|Any CPU
		{AF212E1C-ED50-4BAC-8C94-757D3D2DB36D}.Debug|Any CPU.Build.0 = Debug|Any CPU
		{AF212E1C-ED50-4BAC-8C94-757D3D2DB36D}.Release|Any CPU.ActiveCfg = Release|Any CPU
		{AF212E1C-ED50-4BAC-8C94-757D3D2DB36D}.Release|Any CPU.Build.0 = Release|Any CPU
		{AF212E1C-ED50-4BAC-8C94-757D3D2DB36D}.UNITY_EDITOR|Any CPU.ActiveCfg = UNITY_EDITOR|Any CPU
		{AF212E1C-ED50-4BAC-8C94-757D3D2DB36D}.UNITY_EDITOR|Any CPU.Build.0 = UNITY_EDITOR|Any CPU
		{E9F5C8FF-A38B-4E17-8215-EAA89F5E260E}.Debug|Any CPU.ActiveCfg = Debug|Any CPU
		{E9F5C8FF-A38B-4E17-8215-EAA89F5E260E}.Debug|Any CPU.Build.0 = Debug|Any CPU
		{E9F5C8FF-A38B-4E17-8215-EAA89F5E260E}.Release|Any CPU.ActiveCfg = Release|Any CPU
		{E9F5C8FF-A38B-4E17-8215-EAA89F5E260E}.Release|Any CPU.Build.0 = Release|Any CPU
		{E9F5C8FF-A38B-4E17-8215-EAA89F5E260E}.UNITY_EDITOR|Any CPU.ActiveCfg = UNITY_EDITOR|Any CPU
		{E9F5C8FF-A38B-4E17-8215-EAA89F5E260E}.UNITY_EDITOR|Any CPU.Build.0 = UNITY_EDITOR|Any CPU
	EndGlobalSection
	GlobalSection(SolutionConfigurationPlatforms) = preSolution
		Debug|Any CPU = Debug|Any CPU
		Release|Any CPU = Release|Any CPU
		UNITY_EDITOR|Any CPU = UNITY_EDITOR|Any CPU
	EndGlobalSection
EndGlobal
